
Microsoft Visual Studio Solution File, Format Version 12.00
# Visual Studio Version 17
VisualStudioVersion = 17.7.34018.315
MinimumVisualStudioVersion = 10.0.40219.1
Project("{FAE04EC0-301F-11D3-BF4B-00C04F79EFBC}") = "TapUEntranceChecker", "TapUEntranceChecker\TapUEntranceChecker.csproj", "{E747FC6B-E09D-47D8-84E6-95A03149B4A5}"
EndProject
Global
	GlobalSection(SolutionConfigurationPlatforms) = preSolution
		Debug|Any CPU = Debug|Any CPU
		Release|Any CPU = Release|Any CPU
	EndGlobalSection
	GlobalSection(ProjectConfigurationPlatforms) = postSolution
		{E747FC6B-E09D-47D8-84E6-95A03149B4A5}.Debug|Any CPU.ActiveCfg = Debug|Any CPU
		{E747FC6B-E09D-47D8-84E6-95A03149B4A5}.Debug|Any CPU.Build.0 = Debug|Any CPU
		{E747FC6B-E09D-47D8-84E6-95A03149B4A5}.Release|Any CPU.ActiveCfg = Release|Any CPU
		{E747FC6B-E09D-47D8-84E6-95A03149B4A5}.Release|Any CPU.Build.0 = Release|Any CPU
	EndGlobalSection
	GlobalSection(SolutionProperties) = preSolution
		HideSolutionNode = FALSE
	EndGlobalSection
	GlobalSection(ExtensibilityGlobals) = postSolution
		SolutionGuid = {F01D7F34-23DB-4537-9934-C9F21BB74D1C}
	EndGlobalSection
EndGlobal
